// !$*UTF8*$!
{
	archiveVersion = 1;
	classes = {
	};
	objectVersion = 46;
	objects = {

/* Begin PBXBuildFile section */
		232FA4942573B5DE0045CDF3 /* libglfw.3.3.dylib in Frameworks */ = {isa = PBXBuildFile; fileRef = 232FA4932573B5DE0045CDF3 /* libglfw.3.3.dylib */; };
		23431DB825729B63003D3EA3 /* AEOGLInterop.hpp in Sources */ = {isa = PBXBuildFile; fileRef = 23431DB725729B63003D3EA3 /* AEOGLInterop.hpp */; };
		234B94D1256F51BF0094C117 /* OpenGL.framework in Frameworks */ = {isa = PBXBuildFile; fileRef = 234B94D0256F51BF0094C117 /* OpenGL.framework */; };
		234B94E2256F57A90094C117 /* OGL.cpp in Sources */ = {isa = PBXBuildFile; fileRef = 234B94E1256F57A90094C117 /* OGL.cpp */; };
		237F3801256F2CE100C32611 /* Smart_Utils.cpp in Sources */ = {isa = PBXBuildFile; fileRef = 237F3800256F2CE100C32611 /* Smart_Utils.cpp */; };
		237F3805256F2D3F00C32611 /* AEFX_SuiteHelper.c in Sources */ = {isa = PBXBuildFile; fileRef = 237F3804256F2D3F00C32611 /* AEFX_SuiteHelper.c */; };
		23D2ACAD25736F1000BDCD8C /* AEUtils.hpp in Sources */ = {isa = PBXBuildFile; fileRef = 23D2ACAC25736F1000BDCD8C /* AEUtils.hpp */; };
		23D2ACD12573741F00BDCD8C /* shaders in Resources */ = {isa = PBXBuildFile; fileRef = 23D2ACD02573741F00BDCD8C /* shaders */; };
		23D5FDC6256FEC1B00396409 /* glad.c in Sources */ = {isa = PBXBuildFile; fileRef = 23D5FDC5256FEC1B00396409 /* glad.c */; };
		D0FE57600993C4E900139A60 /* RichterStrip.cpp in Sources */ = {isa = PBXBuildFile; fileRef = D0FE575C0993C4E900139A60 /* RichterStrip.cpp */; };
		D0FE57610993C4E900139A60 /* RichterStripPiPL.r in Rez */ = {isa = PBXBuildFile; fileRef = D0FE575E0993C4E900139A60 /* RichterStripPiPL.r */; };
		D0FE579D0993C5E500139A60 /* AEGP_SuiteHandler.cpp in Sources */ = {isa = PBXBuildFile; fileRef = D0FE579A0993C5E500139A60 /* AEGP_SuiteHandler.cpp */; };
		D0FE579E0993C5E500139A60 /* MissingSuiteError.cpp in Sources */ = {isa = PBXBuildFile; fileRef = D0FE579C0993C5E500139A60 /* MissingSuiteError.cpp */; };
/* End PBXBuildFile section */

/* Begin PBXFileReference section */
		232FA4932573B5DE0045CDF3 /* libglfw.3.3.dylib */ = {isa = PBXFileReference; lastKnownFileType = "compiled.mach-o.dylib"; name = libglfw.3.3.dylib; path = ../../../../../../../../usr/local/Cellar/glfw/3.3.2/lib/libglfw.3.3.dylib; sourceTree = "<group>"; };
		23431DB725729B63003D3EA3 /* AEOGLInterop.hpp */ = {isa = PBXFileReference; lastKnownFileType = sourcecode.cpp.h; name = AEOGLInterop.hpp; path = ../AEOGLInterop.hpp; sourceTree = "<group>"; };
		234B94D0256F51BF0094C117 /* OpenGL.framework */ = {isa = PBXFileReference; lastKnownFileType = wrapper.framework; name = OpenGL.framework; path = System/Library/Frameworks/OpenGL.framework; sourceTree = SDKROOT; };
		234B94DC256F54C80094C117 /* OGL.h */ = {isa = PBXFileReference; lastKnownFileType = sourcecode.c.h; name = OGL.h; path = ../OGL.h; sourceTree = "<group>"; };
		234B94E1256F57A90094C117 /* OGL.cpp */ = {isa = PBXFileReference; lastKnownFileType = sourcecode.cpp.cpp; name = OGL.cpp; path = ../OGL.cpp; sourceTree = "<group>"; };
		237F37FD256F29CE00C32611 /* Settings.h */ = {isa = PBXFileReference; lastKnownFileType = sourcecode.c.h; name = Settings.h; path = ../Settings.h; sourceTree = "<group>"; };
		237F37FF256F2CE100C32611 /* Smart_Utils.h */ = {isa = PBXFileReference; fileEncoding = 4; lastKnownFileType = sourcecode.c.h; name = Smart_Utils.h; path = ../../../Util/Smart_Utils.h; sourceTree = "<group>"; };
		237F3800256F2CE100C32611 /* Smart_Utils.cpp */ = {isa = PBXFileReference; fileEncoding = 4; lastKnownFileType = sourcecode.cpp.cpp; name = Smart_Utils.cpp; path = ../../../Util/Smart_Utils.cpp; sourceTree = "<group>"; };
		237F3803256F2D3F00C32611 /* AEFX_SuiteHelper.h */ = {isa = PBXFileReference; fileEncoding = 4; lastKnownFileType = sourcecode.c.h; name = AEFX_SuiteHelper.h; path = ../../../Util/AEFX_SuiteHelper.h; sourceTree = "<group>"; };
		237F3804256F2D3F00C32611 /* AEFX_SuiteHelper.c */ = {isa = PBXFileReference; fileEncoding = 4; lastKnownFileType = sourcecode.c.c; name = AEFX_SuiteHelper.c; path = ../../../Util/AEFX_SuiteHelper.c; sourceTree = "<group>"; };
		23D2ACAC25736F1000BDCD8C /* AEUtils.hpp */ = {isa = PBXFileReference; lastKnownFileType = sourcecode.cpp.h; name = AEUtils.hpp; path = ../AEUtils.hpp; sourceTree = "<group>"; };
		23D2ACD02573741F00BDCD8C /* shaders */ = {isa = PBXFileReference; lastKnownFileType = folder; name = shaders; path = ../shaders; sourceTree = "<group>"; };
		23D5FDC5256FEC1B00396409 /* glad.c */ = {isa = PBXFileReference; fileEncoding = 4; lastKnownFileType = sourcecode.c.c; name = glad.c; path = ../glad/src/glad.c; sourceTree = "<group>"; };
		7E76EECF1F707EF300536F9D /* AE_PluginData.h */ = {isa = PBXFileReference; fileEncoding = 4; lastKnownFileType = sourcecode.c.h; name = AE_PluginData.h; path = ../../../Headers/AE_PluginData.h; sourceTree = "<group>"; };
		7E76EED01F707F0400536F9D /* AE_Effect.h */ = {isa = PBXFileReference; fileEncoding = 4; lastKnownFileType = sourcecode.c.h; name = AE_Effect.h; path = ../../../Headers/AE_Effect.h; sourceTree = "<group>"; };
		7EF36FB816F29807002A3CB3 /* RichterStrip.h */ = {isa = PBXFileReference; fileEncoding = 4; lastKnownFileType = sourcecode.c.h; name = RichterStrip.h; path = ../RichterStrip.h; sourceTree = "<group>"; };
		C4E618CC095A3CE80012CA3F /* RichterStrip.plugin */ = {isa = PBXFileReference; explicitFileType = wrapper.cfbundle; includeInIndex = 0; path = RichterStrip.plugin; sourceTree = BUILT_PRODUCTS_DIR; };
		D0FE575C0993C4E900139A60 /* RichterStrip.cpp */ = {isa = PBXFileReference; fileEncoding = 30; lastKnownFileType = sourcecode.cpp.cpp; name = RichterStrip.cpp; path = ../RichterStrip.cpp; sourceTree = SOURCE_ROOT; };
		D0FE575E0993C4E900139A60 /* RichterStripPiPL.r */ = {isa = PBXFileReference; fileEncoding = 30; lastKnownFileType = sourcecode.rez; name = RichterStripPiPL.r; path = ../RichterStripPiPL.r; sourceTree = SOURCE_ROOT; };
		D0FE579A0993C5E500139A60 /* AEGP_SuiteHandler.cpp */ = {isa = PBXFileReference; fileEncoding = 30; lastKnownFileType = sourcecode.cpp.cpp; name = AEGP_SuiteHandler.cpp; path = ../../../Util/AEGP_SuiteHandler.cpp; sourceTree = SOURCE_ROOT; };
		D0FE579B0993C5E500139A60 /* AEGP_SuiteHandler.h */ = {isa = PBXFileReference; fileEncoding = 30; lastKnownFileType = sourcecode.c.h; name = AEGP_SuiteHandler.h; path = ../../../Util/AEGP_SuiteHandler.h; sourceTree = SOURCE_ROOT; };
		D0FE579C0993C5E500139A60 /* MissingSuiteError.cpp */ = {isa = PBXFileReference; fileEncoding = 30; lastKnownFileType = sourcecode.cpp.cpp; name = MissingSuiteError.cpp; path = ../../../Util/MissingSuiteError.cpp; sourceTree = SOURCE_ROOT; };
/* End PBXFileReference section */

/* Begin PBXFrameworksBuildPhase section */
		C4E618CA095A3CE80012CA3F /* Frameworks */ = {
			isa = PBXFrameworksBuildPhase;
			buildActionMask = 2147483647;
			files = (
				234B94D1256F51BF0094C117 /* OpenGL.framework in Frameworks */,
				232FA4942573B5DE0045CDF3 /* libglfw.3.3.dylib in Frameworks */,
			);
			runOnlyForDeploymentPostprocessing = 0;
		};
/* End PBXFrameworksBuildPhase section */

/* Begin PBXGroup section */
		234B94CF256F51BF0094C117 /* Frameworks */ = {
			isa = PBXGroup;
			children = (
				23D2ACD02573741F00BDCD8C /* shaders */,
				234B94D0256F51BF0094C117 /* OpenGL.framework */,
				232FA4932573B5DE0045CDF3 /* libglfw.3.3.dylib */,
			);
			name = Frameworks;
			sourceTree = "<group>";
		};
		C4E6187C095A3C800012CA3F = {
			isa = PBXGroup;
			children = (
				23D2ACAC25736F1000BDCD8C /* AEUtils.hpp */,
				23431DB725729B63003D3EA3 /* AEOGLInterop.hpp */,
				234B94E1256F57A90094C117 /* OGL.cpp */,
				234B94DC256F54C80094C117 /* OGL.h */,
				237F37FD256F29CE00C32611 /* Settings.h */,
				D0FE575C0993C4E900139A60 /* RichterStrip.cpp */,
				7EF36FB816F29807002A3CB3 /* RichterStrip.h */,
				D0FE575E0993C4E900139A60 /* RichterStripPiPL.r */,
				23D5FDC5256FEC1B00396409 /* glad.c */,
				D0FE57630993C4FD00139A60 /* Supporting Code */,
				C4E6188C095A3C800012CA3F /* Products */,
				234B94CF256F51BF0094C117 /* Frameworks */,
			);
			sourceTree = "<group>";
		};
		C4E6188C095A3C800012CA3F /* Products */ = {
			isa = PBXGroup;
			children = (
				C4E618CC095A3CE80012CA3F /* RichterStrip.plugin */,
			);
			name = Products;
			sourceTree = "<group>";
		};
		D0FE57630993C4FD00139A60 /* Supporting Code */ = {
			isa = PBXGroup;
			children = (
				237F3804256F2D3F00C32611 /* AEFX_SuiteHelper.c */,
				237F3803256F2D3F00C32611 /* AEFX_SuiteHelper.h */,
				237F3800256F2CE100C32611 /* Smart_Utils.cpp */,
				237F37FF256F2CE100C32611 /* Smart_Utils.h */,
				7E76EED01F707F0400536F9D /* AE_Effect.h */,
				7E76EECF1F707EF300536F9D /* AE_PluginData.h */,
				D0FE579A0993C5E500139A60 /* AEGP_SuiteHandler.cpp */,
				D0FE579B0993C5E500139A60 /* AEGP_SuiteHandler.h */,
				D0FE579C0993C5E500139A60 /* MissingSuiteError.cpp */,
			);
			name = "Supporting Code";
			sourceTree = "<group>";
		};
/* End PBXGroup section */

/* Begin PBXNativeTarget section */
		C4E618CB095A3CE80012CA3F /* RichterStrip */ = {
			isa = PBXNativeTarget;
			buildConfigurationList = C4E618CE095A3CE90012CA3F /* Build configuration list for PBXNativeTarget "RichterStrip" */;
			buildPhases = (
				C4E618C8095A3CE80012CA3F /* Resources */,
				C4E618C9095A3CE80012CA3F /* Sources */,
				C4E618CA095A3CE80012CA3F /* Frameworks */,
				C4E618EA095A3E040012CA3F /* Rez */,
			);
			buildRules = (
			);
			dependencies = (
			);
			name = RichterStrip;
			productName = Skeleton.plugin;
			productReference = C4E618CC095A3CE80012CA3F /* RichterStrip.plugin */;
			productType = "com.apple.product-type.bundle";
		};
/* End PBXNativeTarget section */

/* Begin PBXProject section */
		C4E6187E095A3C800012CA3F /* Project object */ = {
			isa = PBXProject;
			attributes = {
				LastUpgradeCheck = 0720;
			};
			buildConfigurationList = C4E6187F095A3C800012CA3F /* Build configuration list for PBXProject "RichterStrip" */;
			compatibilityVersion = "Xcode 3.2";
			developmentRegion = English;
			hasScannedForEncodings = 0;
			knownRegions = (
				English,
			);
			mainGroup = C4E6187C095A3C800012CA3F;
			productRefGroup = C4E6188C095A3C800012CA3F /* Products */;
			projectDirPath = "";
			projectRoot = "";
			targets = (
				C4E618CB095A3CE80012CA3F /* RichterStrip */,
			);
		};
/* End PBXProject section */

/* Begin PBXResourcesBuildPhase section */
		C4E618C8095A3CE80012CA3F /* Resources */ = {
			isa = PBXResourcesBuildPhase;
			buildActionMask = 2147483647;
			files = (
				23D2ACD12573741F00BDCD8C /* shaders in Resources */,
			);
			runOnlyForDeploymentPostprocessing = 0;
		};
/* End PBXResourcesBuildPhase section */

/* Begin PBXRezBuildPhase section */
		C4E618EA095A3E040012CA3F /* Rez */ = {
			isa = PBXRezBuildPhase;
			buildActionMask = 2147483647;
			files = (
				D0FE57610993C4E900139A60 /* RichterStripPiPL.r in Rez */,
			);
			runOnlyForDeploymentPostprocessing = 0;
		};
/* End PBXRezBuildPhase section */

/* Begin PBXSourcesBuildPhase section */
		C4E618C9095A3CE80012CA3F /* Sources */ = {
			isa = PBXSourcesBuildPhase;
			buildActionMask = 2147483647;
			files = (
				D0FE57600993C4E900139A60 /* RichterStrip.cpp in Sources */,
				D0FE579D0993C5E500139A60 /* AEGP_SuiteHandler.cpp in Sources */,
				23431DB825729B63003D3EA3 /* AEOGLInterop.hpp in Sources */,
				237F3801256F2CE100C32611 /* Smart_Utils.cpp in Sources */,
				237F3805256F2D3F00C32611 /* AEFX_SuiteHelper.c in Sources */,
				234B94E2256F57A90094C117 /* OGL.cpp in Sources */,
				23D2ACAD25736F1000BDCD8C /* AEUtils.hpp in Sources */,
				D0FE579E0993C5E500139A60 /* MissingSuiteError.cpp in Sources */,
				23D5FDC6256FEC1B00396409 /* glad.c in Sources */,
			);
			runOnlyForDeploymentPostprocessing = 0;
		};
/* End PBXSourcesBuildPhase section */

/* Begin XCBuildConfiguration section */
		231FDE7B25749874009B0C14 /* Release */ = {
			isa = XCBuildConfiguration;
			buildSettings = {
				COPY_PHASE_STRIP = NO;
				DEBUG_INFORMATION_FORMAT = dwarf;
				ENABLE_TESTABILITY = YES;
				GCC_INPUT_FILETYPE = sourcecode.cpp.objcpp;
				GCC_MODEL_TUNING = "";
				GCC_OPTIMIZATION_LEVEL = 2;
				GCC_PREFIX_HEADER = "$(SYSTEM_LIBRARY_DIR)/Frameworks/Cocoa.framework/Headers/Cocoa.h";
				GCC_REUSE_STRINGS = NO;
				GCC_SYMBOLS_PRIVATE_EXTERN = YES;
				GCC_THREADSAFE_STATICS = NO;
				GCC_WARN_ABOUT_RETURN_TYPE = YES;
				GCC_WARN_CHECK_SWITCH_STATEMENTS = YES;
				GCC_WARN_EFFECTIVE_CPLUSPLUS_VIOLATIONS = NO;
				GCC_WARN_MISSING_PARENTHESES = YES;
				GCC_WARN_SHADOW = NO;
				GCC_WARN_UNKNOWN_PRAGMAS = YES;
				GCC_WARN_UNUSED_FUNCTION = YES;
				GCC_WARN_UNUSED_LABEL = YES;
				GCC_WARN_UNUSED_VARIABLE = YES;
				HEADER_SEARCH_PATHS = (
					../../../Headers,
					../../../Util,
					../../../Headers/SP,
					../../../Resources,
				);
				ONLY_ACTIVE_ARCH = YES;
				REZ_PREPROCESSOR_DEFINITIONS = __MACH__;
				SDKROOT = macosx;
				STRIP_INSTALLED_PRODUCT = NO;
				WRAPPER_EXTENSION = plugin;
			};
			name = Release;
		};
		231FDE7C25749874009B0C14 /* Release */ = {
			isa = XCBuildConfiguration;
			buildSettings = {
				CLANG_CXX_LANGUAGE_STANDARD = "c++0x";
				CLANG_CXX_LIBRARY = "libc++";
				COMBINE_HIDPI_IMAGES = YES;
				GCC_MODEL_TUNING = G5;
				GENERATE_PKGINFO_FILE = YES;
				HEADER_SEARCH_PATHS = (
					../../../Headers,
					../../../Util,
					../../../Headers/SP,
					../../../Resources,
					"/usr/local/Cellar/glfw/3.3.2/include/**",
					"\"$(SRCROOT)/../glad/include\"/**",
				);
				INFOPLIST_FILE = "RichterStrip.plugin-Info.plist";
				INSTALL_PATH = "$(HOME)/Library/Bundles";
				LIBRARY_SEARCH_PATHS = (
					"$(inherited)",
					/usr/local/Cellar/glfw/3.3.2/lib,
				);
				PRODUCT_BUNDLE_IDENTIFIER = com.baku89.AfterEffects.RichterStrip;
				PRODUCT_NAME = RichterStrip;
				SDKROOT = macosx;
				ZERO_LINK = NO;
			};
			name = Release;
		};
		C4E61880095A3C800012CA3F /* Debug */ = {
			isa = XCBuildConfiguration;
			buildSettings = {
				COPY_PHASE_STRIP = NO;
				DEBUG_INFORMATION_FORMAT = dwarf;
				ENABLE_TESTABILITY = YES;
				GCC_INPUT_FILETYPE = sourcecode.cpp.objcpp;
				GCC_MODEL_TUNING = "";
				GCC_OPTIMIZATION_LEVEL = 0;
				GCC_PREFIX_HEADER = "$(SYSTEM_LIBRARY_DIR)/Frameworks/Cocoa.framework/Headers/Cocoa.h";
				GCC_PREPROCESSOR_DEFINITIONS = "DEBUG=1";
				GCC_REUSE_STRINGS = NO;
				GCC_SYMBOLS_PRIVATE_EXTERN = YES;
				GCC_THREADSAFE_STATICS = NO;
				GCC_WARN_ABOUT_RETURN_TYPE = YES;
				GCC_WARN_CHECK_SWITCH_STATEMENTS = YES;
				GCC_WARN_EFFECTIVE_CPLUSPLUS_VIOLATIONS = NO;
				GCC_WARN_MISSING_PARENTHESES = YES;
				GCC_WARN_SHADOW = NO;
				GCC_WARN_UNKNOWN_PRAGMAS = YES;
				GCC_WARN_UNUSED_FUNCTION = YES;
				GCC_WARN_UNUSED_LABEL = YES;
				GCC_WARN_UNUSED_VARIABLE = YES;
				HEADER_SEARCH_PATHS = (
					../../../Headers,
					../../../Util,
					../../../Headers/SP,
					../../../Resources,
				);
				ONLY_ACTIVE_ARCH = YES;
				REZ_PREPROCESSOR_DEFINITIONS = __MACH__;
				SDKROOT = macosx;
				STRIP_INSTALLED_PRODUCT = NO;
				WRAPPER_EXTENSION = plugin;
			};
			name = Debug;
		};
		C4E618CF095A3CE90012CA3F /* Debug */ = {
			isa = XCBuildConfiguration;
			buildSettings = {
				CLANG_CXX_LANGUAGE_STANDARD = "c++0x";
				CLANG_CXX_LIBRARY = "libc++";
				COMBINE_HIDPI_IMAGES = YES;
				GCC_MODEL_TUNING = G5;
				GENERATE_PKGINFO_FILE = YES;
				HEADER_SEARCH_PATHS = (
					../../../Headers,
					../../../Util,
					../../../Headers/SP,
					../../../Resources,
					"/usr/local/Cellar/glfw/3.3.2/include/**",
					"\"$(SRCROOT)/../glad/include\"/**",
				);
				INFOPLIST_FILE = "RichterStrip.plugin-Info.plist";
				INSTALL_PATH = "$(HOME)/Library/Bundles";
				LIBRARY_SEARCH_PATHS = (
					"$(inherited)",
					/usr/local/Cellar/glfw/3.3.2/lib,
				);
				PRODUCT_BUNDLE_IDENTIFIER = com.baku89.AfterEffects.RichterStrip;
				PRODUCT_NAME = RichterStrip;
				SDKROOT = macosx;
				ZERO_LINK = NO;
			};
			name = Debug;
		};
/* End XCBuildConfiguration section */

/* Begin XCConfigurationList section */
		C4E6187F095A3C800012CA3F /* Build configuration list for PBXProject "RichterStrip" */ = {
			isa = XCConfigurationList;
			buildConfigurations = (
				C4E61880095A3C800012CA3F /* Debug */,
				231FDE7B25749874009B0C14 /* Release */,
			);
			defaultConfigurationIsVisible = 1;
			defaultConfigurationName = Release;
		};
		C4E618CE095A3CE90012CA3F /* Build configuration list for PBXNativeTarget "RichterStrip" */ = {
			isa = XCConfigurationList;
			buildConfigurations = (
				C4E618CF095A3CE90012CA3F /* Debug */,
				231FDE7C25749874009B0C14 /* Release */,
			);
			defaultConfigurationIsVisible = 0;
			defaultConfigurationName = Release;
		};
/* End XCConfigurationList section */
	};
	rootObject = C4E6187E095A3C800012CA3F /* Project object */;
}
